// !$*UTF8*$!
{
	archiveVersion = 1;
	classes = {
	};
	objectVersion = 50;
	objects = {

/* Begin PBXBuildFile section */
		8F1508142432620200E1F51F /* AppDelegate.swift in Sources */ = {isa = PBXBuildFile; fileRef = 8F1508132432620200E1F51F /* AppDelegate.swift */; };
		8F1508162432620200E1F51F /* SceneDelegate.swift in Sources */ = {isa = PBXBuildFile; fileRef = 8F1508152432620200E1F51F /* SceneDelegate.swift */; };
		8F1508182432620200E1F51F /* ContentView.swift in Sources */ = {isa = PBXBuildFile; fileRef = 8F1508172432620200E1F51F /* ContentView.swift */; };
		8F15081A2432620200E1F51F /* Assets.xcassets in Resources */ = {isa = PBXBuildFile; fileRef = 8F1508192432620200E1F51F /* Assets.xcassets */; };
		8F15081D2432620200E1F51F /* Preview Assets.xcassets in Resources */ = {isa = PBXBuildFile; fileRef = 8F15081C2432620200E1F51F /* Preview Assets.xcassets */; };
		8F1508202432620200E1F51F /* LaunchScreen.storyboard in Resources */ = {isa = PBXBuildFile; fileRef = 8F15081E2432620200E1F51F /* LaunchScreen.storyboard */; };
/* End PBXBuildFile section */

/* Begin PBXFileReference section */
		8F1508102432620200E1F51F /* Embed YouTube Videos.app */ = {isa = PBXFileReference; explicitFileType = wrapper.application; includeInIndex = 0; path = "Embed YouTube Videos.app"; sourceTree = BUILT_PRODUCTS_DIR; };
		8F1508132432620200E1F51F /* AppDelegate.swift */ = {isa = PBXFileReference; lastKnownFileType = sourcecode.swift; path = AppDelegate.swift; sourceTree = "<group>"; };
		8F1508152432620200E1F51F /* SceneDelegate.swift */ = {isa = PBXFileReference; lastKnownFileType = sourcecode.swift; path = SceneDelegate.swift; sourceTree = "<group>"; };
		8F1508172432620200E1F51F /* ContentView.swift */ = {isa = PBXFileReference; lastKnownFileType = sourcecode.swift; path = ContentView.swift; sourceTree = "<group>"; };
		8F1508192432620200E1F51F /* Assets.xcassets */ = {isa = PBXFileReference; lastKnownFileType = folder.assetcatalog; path = Assets.xcassets; sourceTree = "<group>"; };
		8F15081C2432620200E1F51F /* Preview Assets.xcassets */ = {isa = PBXFileReference; lastKnownFileType = folder.assetcatalog; path = "Preview Assets.xcassets"; sourceTree = "<group>"; };
		8F15081F2432620200E1F51F /* Base */ = {isa = PBXFileReference; lastKnownFileType = file.storyboard; name = Base; path = Base.lproj/LaunchScreen.storyboard; sourceTree = "<group>"; };
		8F1508212432620200E1F51F /* Info.plist */ = {isa = PBXFileReference; lastKnownFileType = text.plist.xml; path = Info.plist; sourceTree = "<group>"; };
/* End PBXFileReference section */

/* Begin PBXFrameworksBuildPhase section */
		8F15080D2432620200E1F51F /* Frameworks */ = {
			isa = PBXFrameworksBuildPhase;
			buildActionMask = 2147483647;
			files = (
			);
			runOnlyForDeploymentPostprocessing = 0;
		};
/* End PBXFrameworksBuildPhase section */

/* Begin PBXGroup section */
		8F1508072432620200E1F51F = {
			isa = PBXGroup;
			children = (
				8F1508122432620200E1F51F /* Embed YouTube Videos */,
				8F1508112432620200E1F51F /* Products */,
			);
			sourceTree = "<group>";
		};
		8F1508112432620200E1F51F /* Products */ = {
			isa = PBXGroup;
			children = (
				8F1508102432620200E1F51F /* Embed YouTube Videos.app */,
			);
			name = Products;
			sourceTree = "<group>";
		};
		8F1508122432620200E1F51F /* Embed YouTube Videos */ = {
			isa = PBXGroup;
			children = (
				8F1508132432620200E1F51F /* AppDelegate.swift */,
				8F1508152432620200E1F51F /* SceneDelegate.swift */,
				8F1508172432620200E1F51F /* ContentView.swift */,
				8F1508192432620200E1F51F /* Assets.xcassets */,
				8F15081E2432620200E1F51F /* LaunchScreen.storyboard */,
				8F1508212432620200E1F51F /* Info.plist */,
				8F15081B2432620200E1F51F /* Preview Content */,
			);
			path = "Embed YouTube Videos";
			sourceTree = "<group>";
		};
		8F15081B2432620200E1F51F /* Preview Content */ = {
			isa = PBXGroup;
			children = (
				8F15081C2432620200E1F51F /* Preview Assets.xcassets */,
			);
			path = "Preview Content";
			sourceTree = "<group>";
		};
/* End PBXGroup section */

/* Begin PBXNativeTarget section */
		8F15080F2432620200E1F51F /* Embed YouTube Videos */ = {
			isa = PBXNativeTarget;
			buildConfigurationList = 8F1508242432620200E1F51F /* Build configuration list for PBXNativeTarget "Embed YouTube Videos" */;
			buildPhases = (
				8F15080C2432620200E1F51F /* Sources */,
				8F15080D2432620200E1F51F /* Frameworks */,
				8F15080E2432620200E1F51F /* Resources */,
			);
			buildRules = (
			);
			dependencies = (
			);
			name = "Embed YouTube Videos";
			productName = "Embed YouTube Videos";
			productReference = 8F1508102432620200E1F51F /* Embed YouTube Videos.app */;
			productType = "com.apple.product-type.application";
		};
/* End PBXNativeTarget section */

/* Begin PBXProject section */
		8F1508082432620200E1F51F /* Project object */ = {
			isa = PBXProject;
			attributes = {
				LastSwiftUpdateCheck = 1140;
				LastUpgradeCheck = 1140;
				ORGANIZATIONNAME = "Leonardo Bilia";
				TargetAttributes = {
					8F15080F2432620200E1F51F = {
						CreatedOnToolsVersion = 11.4;
					};
				};
			};
			buildConfigurationList = 8F15080B2432620200E1F51F /* Build configuration list for PBXProject "Embed YouTube Videos" */;
			compatibilityVersion = "Xcode 9.3";
			developmentRegion = en;
			hasScannedForEncodings = 0;
			knownRegions = (
				en,
				Base,
			);
			mainGroup = 8F1508072432620200E1F51F;
			productRefGroup = 8F1508112432620200E1F51F /* Products */;
			projectDirPath = "";
			projectRoot = "";
			targets = (
				8F15080F2432620200E1F51F /* Embed YouTube Videos */,
			);
		};
/* End PBXProject section */

/* Begin PBXResourcesBuildPhase section */
		8F15080E2432620200E1F51F /* Resources */ = {
			isa = PBXResourcesBuildPhase;
			buildActionMask = 2147483647;
			files = (
				8F1508202432620200E1F51F /* LaunchScreen.storyboard in Resources */,
				8F15081D2432620200E1F51F /* Preview Assets.xcassets in Resources */,
				8F15081A2432620200E1F51F /* Assets.xcassets in Resources */,
			);
			runOnlyForDeploymentPostprocessing = 0;
		};
/* End PBXResourcesBuildPhase section */

/* Begin PBXSourcesBuildPhase section */
		8F15080C2432620200E1F51F /* Sources */ = {
			isa = PBXSourcesBuildPhase;
			buildActionMask = 2147483647;
			files = (
				8F1508142432620200E1F51F /* AppDelegate.swift in Sources */,
				8F1508162432620200E1F51F /* SceneDelegate.swift in Sources */,
				8F1508182432620200E1F51F /* ContentView.swift in Sources */,
			);
			runOnlyForDeploymentPostprocessing = 0;
		};
/* End PBXSourcesBuildPhase section */

/* Begin PBXVariantGroup section */
		8F15081E2432620200E1F51F /* LaunchScreen.storyboard */ = {
			isa = PBXVariantGroup;
			children = (
				8F15081F2432620200E1F51F /* Base */,
			);
			name = LaunchScreen.storyboard;
			sourceTree = "<group>";
		};
/* End PBXVariantGroup section */

/* Begin XCBuildConfiguration section */
		8F1508222432620200E1F51F /* Debug */ = {
			isa = XCBuildConfiguration;
			buildSettings = {
				ALWAYS_SEARCH_USER_PATHS = NO;
				CLANG_ANALYZER_NONNULL = YES;
				CLANG_ANALYZER_NUMBER_OBJECT_CONVERSION = YES_AGGRESSIVE;
				CLANG_CXX_LANGUAGE_STANDARD = "gnu++14";
				CLANG_CXX_LIBRARY = "libc++";
				CLANG_ENABLE_MODULES = YES;
				CLANG_ENABLE_OBJC_ARC = YES;
				CLANG_ENABLE_OBJC_WEAK = YES;
				CLANG_WARN_BLOCK_CAPTURE_AUTORELEASING = YES;
				CLANG_WARN_BOOL_CONVERSION = YES;
				CLANG_WARN_COMMA = YES;
				CLANG_WARN_CONSTANT_CONVERSION = YES;
				CLANG_WARN_DEPRECATED_OBJC_IMPLEMENTATIONS = YES;
				CLANG_WARN_DIRECT_OBJC_ISA_USAGE = YES_ERROR;
				CLANG_WARN_DOCUMENTATION_COMMENTS = YES;
				CLANG_WARN_EMPTY_BODY = YES;
				CLANG_WARN_ENUM_CONVERSION = YES;
				CLANG_WARN_INFINITE_RECURSION = YES;
				CLANG_WARN_INT_CONVERSION = YES;
				CLANG_WARN_NON_LITERAL_NULL_CONVERSION = YES;
				CLANG_WARN_OBJC_IMPLICIT_RETAIN_SELF = YES;
				CLANG_WARN_OBJC_LITERAL_CONVERSION = YES;
				CLANG_WARN_OBJC_ROOT_CLASS = YES_ERROR;
				CLANG_WARN_RANGE_LOOP_ANALYSIS = YES;
				CLANG_WARN_STRICT_PROTOTYPES = YES;
				CLANG_WARN_SUSPICIOUS_MOVE = YES;
				CLANG_WARN_UNGUARDED_AVAILABILITY = YES_AGGRESSIVE;
				CLANG_WARN_UNREACHABLE_CODE = YES;
				CLANG_WARN__DUPLICATE_METHOD_MATCH = YES;
				COPY_PHASE_STRIP = NO;
				DEBUG_INFORMATION_FORMAT = dwarf;
				ENABLE_STRICT_OBJC_MSGSEND = YES;
				ENABLE_TESTABILITY = YES;
				GCC_C_LANGUAGE_STANDARD = gnu11;
				GCC_DYNAMIC_NO_PIC = NO;
				GCC_NO_COMMON_BLOCKS = YES;
				GCC_OPTIMIZATION_LEVEL = 0;
				GCC_PREPROCESSOR_DEFINITIONS = (
					"DEBUG=1",
					"$(inherited)",
				);
				GCC_WARN_64_TO_32_BIT_CONVERSION = YES;
				GCC_WARN_ABOUT_RETURN_TYPE = YES_ERROR;
				GCC_WARN_UNDECLARED_SELECTOR = YES;
				GCC_WARN_UNINITIALIZED_AUTOS = YES_AGGRESSIVE;
				GCC_WARN_UNUSED_FUNCTION = YES;
				GCC_WARN_UNUSED_VARIABLE = YES;
				IPHONEOS_DEPLOYMENT_TARGET = 13.4;
				MTL_ENABLE_DEBUG_INFO = INCLUDE_SOURCE;
				MTL_FAST_MATH = YES;
				ONLY_ACTIVE_ARCH = YES;
				SDKROOT = iphoneos;
				SWIFT_ACTIVE_COMPILATION_CONDITIONS = DEBUG;
				SWIFT_OPTIMIZATION_LEVEL = "-Onone";
			};
			name = Debug;
		};
		8F1508232432620200E1F51F /* Release */ = {
			isa = XCBuildConfiguration;
			buildSettings = {
				ALWAYS_SEARCH_USER_PATHS = NO;
				CLANG_ANALYZER_NONNULL = YES;
				CLANG_ANALYZER_NUMBER_OBJECT_CONVERSION = YES_AGGRESSIVE;
				CLANG_CXX_LANGUAGE_STANDARD = "gnu++14";
				CLANG_CXX_LIBRARY = "libc++";
				CLANG_ENABLE_MODULES = YES;
				CLANG_ENABLE_OBJC_ARC = YES;
				CLANG_ENABLE_OBJC_WEAK = YES;
				CLANG_WARN_BLOCK_CAPTURE_AUTORELEASING = YES;
				CLANG_WARN_BOOL_CONVERSION = YES;
				CLANG_WARN_COMMA = YES;
				CLANG_WARN_CONSTANT_CONVERSION = YES;
				CLANG_WARN_DEPRECATED_OBJC_IMPLEMENTATIONS = YES;
				CLANG_WARN_DIRECT_OBJC_ISA_USAGE = YES_ERROR;
				CLANG_WARN_DOCUMENTATION_COMMENTS = YES;
				CLANG_WARN_EMPTY_BODY = YES;
				CLANG_WARN_ENUM_CONVERSION = YES;
				CLANG_WARN_INFINITE_RECURSION = YES;
				CLANG_WARN_INT_CONVERSION = YES;
				CLANG_WARN_NON_LITERAL_NULL_CONVERSION = YES;
				CLANG_WARN_OBJC_IMPLICIT_RETAIN_SELF = YES;
				CLANG_WARN_OBJC_LITERAL_CONVERSION = YES;
				CLANG_WARN_OBJC_ROOT_CLASS = YES_ERROR;
				CLANG_WARN_RANGE_LOOP_ANALYSIS = YES;
				CLANG_WARN_STRICT_PROTOTYPES = YES;
				CLANG_WARN_SUSPICIOUS_MOVE = YES;
				CLANG_WARN_UNGUARDED_AVAILABILITY = YES_AGGRESSIVE;
				CLANG_WARN_UNREACHABLE_CODE = YES;
				CLANG_WARN__DUPLICATE_METHOD_MATCH = YES;
				COPY_PHASE_STRIP = NO;
				DEBUG_INFORMATION_FORMAT = "dwarf-with-dsym";
				ENABLE_NS_ASSERTIONS = NO;
				ENABLE_STRICT_OBJC_MSGSEND = YES;
				GCC_C_LANGUAGE_STANDARD = gnu11;
				GCC_NO_COMMON_BLOCKS = YES;
				GCC_WARN_64_TO_32_BIT_CONVERSION = YES;
				GCC_WARN_ABOUT_RETURN_TYPE = YES_ERROR;
				GCC_WARN_UNDECLARED_SELECTOR = YES;
				GCC_WARN_UNINITIALIZED_AUTOS = YES_AGGRESSIVE;
				GCC_WARN_UNUSED_FUNCTION = YES;
				GCC_WARN_UNUSED_VARIABLE = YES;
				IPHONEOS_DEPLOYMENT_TARGET = 13.4;
				MTL_ENABLE_DEBUG_INFO = NO;
				MTL_FAST_MATH = YES;
				SDKROOT = iphoneos;
				SWIFT_COMPILATION_MODE = wholemodule;
				SWIFT_OPTIMIZATION_LEVEL = "-O";
				VALIDATE_PRODUCT = YES;
			};
			name = Release;
		};
		8F1508252432620200E1F51F /* Debug */ = {
			isa = XCBuildConfiguration;
			buildSettings = {
				ASSETCATALOG_COMPILER_APPICON_NAME = AppIcon;
				CODE_SIGN_STYLE = Automatic;
				DEVELOPMENT_ASSET_PATHS = "\"Embed YouTube Videos/Preview Content\"";
				DEVELOPMENT_TEAM = C8CWPZXDG8;
				ENABLE_PREVIEWS = YES;
				INFOPLIST_FILE = "Embed YouTube Videos/Info.plist";
				LD_RUNPATH_SEARCH_PATHS = (
					"$(inherited)",
					"@executable_path/Frameworks",
				);
				PRODUCT_BUNDLE_IDENTIFIER = "com.codableme.Embed-YouTube-Videos";
				PRODUCT_NAME = "$(TARGET_NAME)";
				SWIFT_VERSION = 5.0;
				TARGETED_DEVICE_FAMILY = "1,2";
			};
			name = Debug;
		};
		8F1508262432620200E1F51F /* Release */ = {
			isa = XCBuildConfiguration;
			buildSettings = {
				ASSETCATALOG_COMPILER_APPICON_NAME = AppIcon;
				CODE_SIGN_STYLE = Automatic;
				DEVELOPMENT_ASSET_PATHS = "\"Embed YouTube Videos/Preview Content\"";
				DEVELOPMENT_TEAM = C8CWPZXDG8;
				ENABLE_PREVIEWS = YES;
				INFOPLIST_FILE = "Embed YouTube Videos/Info.plist";
				LD_RUNPATH_SEARCH_PATHS = (
					"$(inherited)",
					"@executable_path/Frameworks",
				);
				PRODUCT_BUNDLE_IDENTIFIER = "com.codableme.Embed-YouTube-Videos";
				PRODUCT_NAME = "$(TARGET_NAME)";
				SWIFT_VERSION = 5.0;
				TARGETED_DEVICE_FAMILY = "1,2";
			};
			name = Release;
		};
/* End XCBuildConfiguration section */

/* Begin XCConfigurationList section */
		8F15080B2432620200E1F51F /* Build configuration list for PBXProject "Embed YouTube Videos" */ = {
			isa = XCConfigurationList;
			buildConfigurations = (
				8F1508222432620200E1F51F /* Debug */,
				8F1508232432620200E1F51F /* Release */,
			);
			defaultConfigurationIsVisible = 0;
			defaultConfigurationName = Release;
		};
		8F1508242432620200E1F51F /* Build configuration list for PBXNativeTarget "Embed YouTube Videos" */ = {
			isa = XCConfigurationList;
			buildConfigurations = (
				8F1508252432620200E1F51F /* Debug */,
				8F1508262432620200E1F51F /* Release */,
			);
			defaultConfigurationIsVisible = 0;
			defaultConfigurationName = Release;
		};
/* End XCConfigurationList section */
	};
	rootObject = 8F1508082432620200E1F51F /* Project object */;
}
